<?xml version="1.0" encoding="utf-8"?>
<Project ToolsVersion="4.0" xmlns="http://schemas.microsoft.com/developer/msbuild/2003">
  <ItemGroup>
    <Filter Include="Source Files">
      <UniqueIdentifier>{4FC737F1-C7A5-4376-A066-2A32D752A2FF}</UniqueIdentifier>
      <Extensions>cpp;c;cc;cxx;c++;cppm;ixx;def;odl;idl;hpj;bat;asm;asmx</Extensions>
    </Filter>
    <Filter Include="Header Files">
      <UniqueIdentifier>{93995380-89BD-4b04-88EB-625FBE52EBFB}</UniqueIdentifier>
      <Extensions>h;hh;hpp;hxx;h++;hm;inl;inc;ipp;xsd</Extensions>
    </Filter>
    <Filter Include="Resource Files">
      <UniqueIdentifier>{67DA6AB6-F800-4c08-8B7A-83BB121AAD01}</UniqueIdentifier>
      <Extensions>rc;ico;cur;bmp;dlg;rc2;rct;bin;rgs;gif;jpg;jpeg;jpe;resx;tiff;tif;png;wav;mfcribbon-ms</Extensions>
    </Filter>
    <Filter Include="Header Files\Interactables">
      <UniqueIdentifier>{11978152-e73a-486e-a99b-b8b11edddcbe}</UniqueIdentifier>
    </Filter>
    <Filter Include="Header Files\GameObjects">
      <UniqueIdentifier>{865afeec-76c3-49d1-977c-a065234ae67d}</UniqueIdentifier>
    </Filter>
    <Filter Include="Source Files\GameObjects">
      <UniqueIdentifier>{15550cd7-752e-44a0-987a-34aa28ab08c5}</UniqueIdentifier>
    </Filter>
    <Filter Include="Header Files\Network">
      <UniqueIdentifier>{c9771156-ff45-4d99-b354-4d676a47db8a}</UniqueIdentifier>
    </Filter>
    <Filter Include="Source Files\Network">
      <UniqueIdentifier>{109157ff-0856-4a9e-b4d5-11c86feaa93e}</UniqueIdentifier>
    </Filter>
    <Filter Include="Header Files\GameMode">
      <UniqueIdentifier>{b1717b42-ace8-4164-9fd1-90ac5e22539f}</UniqueIdentifier>
    </Filter>
    <Filter Include="Header Files\temp">
      <UniqueIdentifier>{ecc0b519-8536-488e-835a-76dea7d257ab}</UniqueIdentifier>
    </Filter>
    <Filter Include="Source Files\temp">
      <UniqueIdentifier>{9de4c970-d3c9-4c5d-b52c-da9f370f5447}</UniqueIdentifier>
    </Filter>
    <Filter Include="Source Files\GameMode">
      <UniqueIdentifier>{d8ba4fba-d22b-43e2-925e-4b50d72663d8}</UniqueIdentifier>
    </Filter>
    <Filter Include="Header Files\System">
      <UniqueIdentifier>{f4ae0948-a782-4735-bf88-24ede154a0b7}</UniqueIdentifier>
    </Filter>
    <Filter Include="Source Files\System">
      <UniqueIdentifier>{9793de1b-5708-45ba-aaf6-7c754288fbb0}</UniqueIdentifier>
    </Filter>
    <Filter Include="Header Files\GameMode\PlayingMode">
      <UniqueIdentifier>{7ec466af-c6c1-4fb5-9a82-111312468654}</UniqueIdentifier>
    </Filter>
    <Filter Include="Source Files\GameMode\PlayingMode">
      <UniqueIdentifier>{5328fbd7-8533-44e6-91e7-431f3374d1ab}</UniqueIdentifier>
    </Filter>
    <Filter Include="Header Files\Renderer">
      <UniqueIdentifier>{87838857-8857-4a0e-af13-bab83bcba8d1}</UniqueIdentifier>
    </Filter>
  </ItemGroup>
  <ItemGroup>
    <ClCompile Include="Item.cpp">
      <Filter>Source Files\GameObjects</Filter>
    </ClCompile>
    <ClCompile Include="GroundType.h">
      <Filter>Header Files\GameObjects</Filter>
    </ClCompile>
    <ClCompile Include="Network\Command.cpp">
      <Filter>Source Files\Network</Filter>
    </ClCompile>
    <ClCompile Include="Network\GameState.cpp">
      <Filter>Source Files\Network</Filter>
    </ClCompile>
    <ClCompile Include="Network\GameStateManager.cpp">
      <Filter>Source Files\Network</Filter>
    </ClCompile>
    <ClCompile Include="Network\NetworkMessage.cpp">
      <Filter>Source Files\Network</Filter>
    </ClCompile>
    <ClCompile Include="Network\UDPClient.cpp">
      <Filter>Source Files\Network</Filter>
    </ClCompile>
    <ClCompile Include="Network\UDPServer.cpp">
      <Filter>Source Files\Network</Filter>
    </ClCompile>
    <ClCompile Include="src\glad.c">
      <Filter>Header Files\temp</Filter>
    </ClCompile>
    <ClCompile Include="stb_image.h">
      <Filter>Header Files\temp</Filter>
    </ClCompile>
    <ClCompile Include="Animation.cpp">
      <Filter>Source Files\temp</Filter>
    </ClCompile>
    <ClCompile Include="Event.cpp">
      <Filter>Source Files\temp</Filter>
    </ClCompile>
    <ClCompile Include="GameObject.cpp">
      <Filter>Source Files\temp</Filter>
    </ClCompile>
    <ClCompile Include="GlobalMappings.cpp">
      <Filter>Source Files\temp</Filter>
    </ClCompile>
    <ClCompile Include="GridManager.cpp">
      <Filter>Source Files\temp</Filter>
    </ClCompile>
    <ClCompile Include="LOG.cpp">
      <Filter>Source Files\temp</Filter>
    </ClCompile>
    <ClCompile Include="main.cpp">
      <Filter>Source Files\temp</Filter>
    </ClCompile>
    <ClCompile Include="main1.cpp">
      <Filter>Source Files\temp</Filter>
    </ClCompile>
    <ClCompile Include="Mesh.cpp">
      <Filter>Source Files\temp</Filter>
    </ClCompile>
    <ClCompile Include="MessageParser.cpp">
      <Filter>Source Files\temp</Filter>
    </ClCompile>
    <ClCompile Include="ShaderProgramLoader.cpp">
      <Filter>Source Files\temp</Filter>
    </ClCompile>
    <ClCompile Include="Texture.cpp">
      <Filter>Source Files\temp</Filter>
    </ClCompile>
    <ClCompile Include="Transform.cpp">
      <Filter>Source Files\temp</Filter>
    </ClCompile>
    <ClCompile Include="utils.cpp">
      <Filter>Source Files\temp</Filter>
    </ClCompile>
    <ClCompile Include="GameModeController.cpp">
      <Filter>Source Files\GameMode</Filter>
    </ClCompile>
    <ClCompile Include="MainMenuMode.cpp">
      <Filter>Source Files\GameMode</Filter>
    </ClCompile>
    <ClCompile Include="main_game.cpp">
      <Filter>Source Files\temp</Filter>
    </ClCompile>
    <ClCompile Include="ApplicationConfig.cpp">
      <Filter>Source Files\System</Filter>
    </ClCompile>
    <ClCompile Include="GameEngine.cpp">
      <Filter>Source Files\System</Filter>
    </ClCompile>
    <ClCompile Include="HostLobbyMode.cpp">
      <Filter>Source Files\GameMode</Filter>
    </ClCompile>
    <ClCompile Include="JoinLobbyMode.cpp">
      <Filter>Source Files\GameMode</Filter>
    </ClCompile>
    <ClCompile Include="ImageLoader.cpp">
      <Filter>Source Files\temp</Filter>
    </ClCompile>
    <ClCompile Include="GameMode.cpp">
      <Filter>Source Files\GameMode</Filter>
    </ClCompile>
    <ClCompile Include="PlayingMode.cpp">
      <Filter>Source Files\GameMode\PlayingMode</Filter>
    </ClCompile>
    <ClCompile Include="HostPlayingMode.cpp">
      <Filter>Source Files\GameMode\PlayingMode</Filter>
    </ClCompile>
    <ClCompile Include="JoinPlayingMode.cpp">
      <Filter>Source Files\GameMode\PlayingMode</Filter>
    </ClCompile>
    <ClCompile Include="PlayerDirection.cpp">
      <Filter>Source Files\GameObjects</Filter>
    </ClCompile>
    <ClCompile Include="RidableObject.h">
      <Filter>Header Files\GameObjects</Filter>
    </ClCompile>
    <ClCompile Include="RidableObject.cpp">
      <Filter>Source Files</Filter>
    </ClCompile>
    <ClCompile Include="Renderer.cpp">
      <Filter>Source Files</Filter>
    </ClCompile>
  </ItemGroup>
  <ItemGroup>
    <ClInclude Include="GameObject.h">
      <Filter>Header Files\GameObjects</Filter>
    </ClInclude>
    <ClInclude Include="Item.h">
      <Filter>Header Files\GameObjects</Filter>
    </ClInclude>
    <ClInclude Include="ItemType.h">
      <Filter>Header Files\GameObjects</Filter>
    </ClInclude>
    <ClInclude Include="FactoryType.h">
      <Filter>Header Files\GameObjects</Filter>
    </ClInclude>
    <ClInclude Include="InteractionInfo.h">
      <Filter>Header Files\GameObjects</Filter>
    </ClInclude>
    <ClInclude Include="PlayerDirection.h">
      <Filter>Header Files\GameObjects</Filter>
    </ClInclude>
    <ClInclude Include="ObjectType.h">
      <Filter>Header Files\GameObjects</Filter>
    </ClInclude>
    <ClInclude Include="Network\Command.h">
      <Filter>Header Files\Network</Filter>
    </ClInclude>
    <ClInclude Include="Network\GameState.h">
      <Filter>Header Files\Network</Filter>
    </ClInclude>
    <ClInclude Include="Network\GameStateManager.h">
      <Filter>Header Files\Network</Filter>
    </ClInclude>
    <ClInclude Include="Network\NetworkConfig.h">
      <Filter>Header Files\Network</Filter>
    </ClInclude>
    <ClInclude Include="Network\NetworkMessage.h">
      <Filter>Header Files\Network</Filter>
    </ClInclude>
    <ClInclude Include="Network\UDPClient.h">
      <Filter>Header Files\Network</Filter>
    </ClInclude>
    <ClInclude Include="Network\UDPServer.h">
      <Filter>Header Files\Network</Filter>
    </ClInclude>
    <ClInclude Include="GameMode.h">
      <Filter>Header Files\GameMode</Filter>
    </ClInclude>
    <ClInclude Include="GameModeController.h">
      <Filter>Header Files\GameMode</Filter>
    </ClInclude>
    <ClInclude Include="MainMenuMode.h">
      <Filter>Header Files\GameMode</Filter>
    </ClInclude>
    <ClInclude Include="Animation.h">
      <Filter>Header Files\temp</Filter>
    </ClInclude>
    <ClInclude Include="Event.h">
      <Filter>Header Files\temp</Filter>
    </ClInclude>
    <ClInclude Include="Gizmo.h">
      <Filter>Header Files\temp</Filter>
    </ClInclude>
    <ClInclude Include="GlobalMappings.h">
      <Filter>Header Files\temp</Filter>
    </ClInclude>
    <ClInclude Include="GridManager.h">
      <Filter>Header Files\temp</Filter>
    </ClInclude>
    <ClInclude Include="Light.h">
      <Filter>Header Files\temp</Filter>
    </ClInclude>
    <ClInclude Include="LOG.h">
      <Filter>Header Files\temp</Filter>
    </ClInclude>
    <ClInclude Include="Mesh.h">
      <Filter>Header Files\temp</Filter>
    </ClInclude>
    <ClInclude Include="MessageParser.h">
      <Filter>Header Files\temp</Filter>
    </ClInclude>
    <ClInclude Include="ShaderProgramLoader.h">
      <Filter>Header Files\temp</Filter>
    </ClInclude>
    <ClInclude Include="Texture.h">
      <Filter>Header Files\temp</Filter>
    </ClInclude>
    <ClInclude Include="Transform.h">
      <Filter>Header Files\temp</Filter>
    </ClInclude>
    <ClInclude Include="utils.h">
      <Filter>Header Files\temp</Filter>
    </ClInclude>
    <ClInclude Include="SystemManager.h">
      <Filter>Header Files\System</Filter>
    </ClInclude>
    <ClInclude Include="ApplicationConfig.h">
      <Filter>Header Files\System</Filter>
    </ClInclude>
    <ClInclude Include="GameEngine.h">
      <Filter>Header Files\System</Filter>
    </ClInclude>
    <ClInclude Include="HostLobbyMode.h">
      <Filter>Header Files\GameMode</Filter>
    </ClInclude>
    <ClInclude Include="JoinLobbyMode.h">
      <Filter>Header Files\GameMode</Filter>
    </ClInclude>
    <ClInclude Include="JoinPlayingMode.h">
      <Filter>Header Files\GameMode\PlayingMode</Filter>
    </ClInclude>
    <ClInclude Include="HostPlayingMode.h">
      <Filter>Header Files\GameMode\PlayingMode</Filter>
    </ClInclude>
    <ClInclude Include="PlayingMode.h">
      <Filter>Header Files\GameMode\PlayingMode</Filter>
    </ClInclude>
    <ClInclude Include="MeshTextureLoader.h">
      <Filter>Header Files\Renderer</Filter>
    </ClInclude>
    <ClInclude Include="Renderer.h">
      <Filter>Header Files\Renderer</Filter>
    </ClInclude>
  </ItemGroup>
</Project>